<?xml version="1.0" encoding="utf-8"?>
<Project ToolsVersion="4.0" xmlns="http://schemas.microsoft.com/developer/msbuild/2003">
  <ItemGroup>
    <Filter Include="SoundProcessor">
      <UniqueIdentifier>{b3ce9506-2c8f-4c70-8e30-31cf09122599}</UniqueIdentifier>
    </Filter>
    <Filter Include="ljb_vmon">
      <UniqueIdentifier>{89b1060b-3d76-4eee-b94b-db5262046cc1}</UniqueIdentifier>
    </Filter>
    <Filter Include="circular_buffer">
      <UniqueIdentifier>{1ce4610e-04b5-4570-9dbd-04dd30df6d30}</UniqueIdentifier>
    </Filter>
    <Filter Include="libhackrfpp">
      <UniqueIdentifier>{96dbb7df-a829-4e10-8275-eec3d68290ee}</UniqueIdentifier>
    </Filter>
    <Filter Include="secam_framebuffer">
      <UniqueIdentifier>{c00946ab-c676-4028-bbd6-af41e815d3e5}</UniqueIdentifier>
    </Filter>
  </ItemGroup>
  <ItemGroup>
    <ClCompile Include="..\src\ljb_vmon\ljb_vmon_dbgprint.c">
      <Filter>ljb_vmon</Filter>
    </ClCompile>
    <ClCompile Include="..\src\ljb_vmon\ljb_vmon_dump_buffer.c">
      <Filter>ljb_vmon</Filter>
    </ClCompile>
    <ClCompile Include="..\src\ljb_vmon\ljb_vmon_guid.c">
      <Filter>ljb_vmon</Filter>
    </ClCompile>
    <ClCompile Include="..\src\ljb_vmon\ljb_vmon_pixel_main.c">
      <Filter>ljb_vmon</Filter>
    </ClCompile>
    <ClCompile Include="..\src\ljb_vmon\ljb_vmon_main.c">
      <Filter>ljb_vmon</Filter>
    </ClCompile>
    <ClCompile Include="..\src\ljb_vmon\notify.c">
      <Filter>ljb_vmon</Filter>
    </ClCompile>
    <ClCompile Include="..\src\HackRFDisplay\hackrf.cpp" />
    <ClCompile Include="..\src\HackRFDisplay\main.cpp" />
    <ClCompile Include="..\src\circular_buffer\circular_buffer.cpp">
      <Filter>circular_buffer</Filter>
    </ClCompile>
    <ClCompile Include="..\src\libhackrfpp\hackrf_device.cpp">
      <Filter>libhackrfpp</Filter>
    </ClCompile>
    <ClCompile Include="..\src\libhackrfpp\hackrf_device_list.cpp">
      <Filter>libhackrfpp</Filter>
    </ClCompile>
    <ClCompile Include="..\src\secam_framebuffer\secam_framebuffer.cpp">
      <Filter>secam_framebuffer</Filter>
    </ClCompile>
    <ClCompile Include="..\src\SoundProcessor\SoundProcessor.cpp">
      <Filter>SoundProcessor</Filter>
    </ClCompile>
  </ItemGroup>
  <ItemGroup>
    <ClInclude Include="..\src\SoundProcessor\SoundProcessor.h">
      <Filter>SoundProcessor</Filter>
    </ClInclude>
    <ClInclude Include="..\src\SoundProcessor\UDPSocket.h">
      <Filter>SoundProcessor</Filter>
    </ClInclude>
    <ClInclude Include="..\src\ljb_vmon\driver.h">
      <Filter>ljb_vmon</Filter>
    </ClInclude>
    <ClInclude Include="..\src\ljb_vmon\lci_display_internal_ioctl.h">
      <Filter>ljb_vmon</Filter>
    </ClInclude>
    <ClInclude Include="..\src\ljb_vmon\lci_usbav_guid.h">
      <Filter>ljb_vmon</Filter>
    </ClInclude>
    <ClInclude Include="..\src\ljb_vmon\ljb_vmon.h">
      <Filter>ljb_vmon</Filter>
    </ClInclude>
    <ClInclude Include="..\src\ljb_vmon\ljb_vmon_guid.h">
      <Filter>ljb_vmon</Filter>
    </ClInclude>
    <ClInclude Include="..\src\ljb_vmon\ljb_vmon_ioctl.h">
      <Filter>ljb_vmon</Filter>
    </ClInclude>
    <ClInclude Include="..\src\ljb_vmon\notify.h">
      <Filter>ljb_vmon</Filter>
    </ClInclude>
    <ClInclude Include="..\src\ljb_vmon\public.h">
      <Filter>ljb_vmon</Filter>
    </ClInclude>
    <ClInclude Include="..\src\ljb_vmon\resource.h">
      <Filter>ljb_vmon</Filter>
    </ClInclude>
    <ClInclude Include="..\src\HackRFDisplay\hackrf.h" />
    <ClInclude Include="..\src\circular_buffer\circular_buffer.h">
      <Filter>circular_buffer</Filter>
    </ClInclude>
    <ClInclude Include="..\src\libhackrfpp\hackrf_device.h">
      <Filter>libhackrfpp</Filter>
    </ClInclude>
    <ClInclude Include="..\src\libhackrfpp\hackrf_device_list.h">
      <Filter>libhackrfpp</Filter>
    </ClInclude>
    <ClInclude Include="..\src\secam_framebuffer\secam_framebuffer.h">
      <Filter>secam_framebuffer</Filter>
    </ClInclude>
  </ItemGroup>
  <ItemGroup>
    <ResourceCompile Include="..\src\ljb_vmon\notify.rc">
      <Filter>ljb_vmon</Filter>
    </ResourceCompile>
  </ItemGroup>
  <ItemGroup>
    <Image Include="..\src\ljb_vmon\toaster.ico">
      <Filter>ljb_vmon</Filter>
    </Image>
  </ItemGroup>
</Project>