<?xml version="1.0" encoding="utf-8"?>
<Project ToolsVersion="4.0" xmlns="http://schemas.microsoft.com/developer/msbuild/2003">
  <ItemGroup>
    <Filter Include="libhackrfpp">
      <UniqueIdentifier>{70a33c0d-ddc5-4f4d-b7cb-88a07e32f600}</UniqueIdentifier>
    </Filter>
    <Filter Include="circular_buffer">
      <UniqueIdentifier>{6592a028-e72e-4933-9440-989dd44e7cd0}</UniqueIdentifier>
    </Filter>
    <Filter Include="framebuffer">
      <UniqueIdentifier>{2937bd68-fe37-481f-b62a-8d77a4458105}</UniqueIdentifier>
    </Filter>
  </ItemGroup>
  <ItemGroup>
    <ClCompile Include="..\..\src\HackRFScreenShoter\GDI_CapturingAnImage.cpp" />
    <ClCompile Include="..\..\src\secam_framebuffer\secam_framebuffer.cpp">
      <Filter>framebuffer</Filter>
    </ClCompile>
    <ClCompile Include="..\..\src\libhackrfpp\hackrf_device.cpp">
      <Filter>libhackrfpp</Filter>
    </ClCompile>
    <ClCompile Include="..\..\src\libhackrfpp\hackrf_device_list.cpp">
      <Filter>libhackrfpp</Filter>
    </ClCompile>
    <ClCompile Include="..\..\src\circular_buffer\circular_buffer.cpp">
      <Filter>circular_buffer</Filter>
    </ClCompile>
    <ClCompile Include="..\..\src\secam_framebuffer\progressive_fb.cpp">
      <Filter>framebuffer</Filter>
    </ClCompile>
    <ClCompile Include="..\..\src\secam_framebuffer\framebuffer_base.cpp">
      <Filter>framebuffer</Filter>
    </ClCompile>
  </ItemGroup>
  <ItemGroup>
    <ClInclude Include="..\..\src\HackRFScreenShoter\GDI_CapturingAnImage.h" />
    <ClInclude Include="..\..\src\HackRFScreenShoter\Resource.h" />
    <ClInclude Include="..\..\src\HackRFScreenShoter\targetver.h" />
    <ClInclude Include="..\..\src\secam_framebuffer\secam_framebuffer.h">
      <Filter>framebuffer</Filter>
    </ClInclude>
    <ClInclude Include="..\..\src\libhackrfpp\hackrf_device.h">
      <Filter>libhackrfpp</Filter>
    </ClInclude>
    <ClInclude Include="..\..\src\libhackrfpp\hackrf_device_list.h">
      <Filter>libhackrfpp</Filter>
    </ClInclude>
    <ClInclude Include="..\..\src\circular_buffer\circular_buffer.h">
      <Filter>circular_buffer</Filter>
    </ClInclude>
    <ClInclude Include="..\..\src\secam_framebuffer\progressive_fb.h">
      <Filter>framebuffer</Filter>
    </ClInclude>
    <ClInclude Include="..\..\src\secam_framebuffer\framebuffer_base.h">
      <Filter>framebuffer</Filter>
    </ClInclude>
  </ItemGroup>
  <ItemGroup>
    <ResourceCompile Include="..\..\src\HackRFScreenShoter\GDI_CapturingAnImage.rc" />
  </ItemGroup>
</Project>